
Microsoft Visual Studio Solution File, Format Version 11.00
# Visual Studio 2010
Project("{FAE04EC0-301F-11D3-BF4B-00C04F79EFBC}") = "Assembly-CSharp", "Assembly-CSharp.csproj", "{E15BA501-9A99-F865-BAC3-D690B8EA5272}"
EndProject
Project("{FAE04EC0-301F-11D3-BF4B-00C04F79EFBC}") = "Assembly-CSharp-Editor", "Assembly-CSharp-Editor.csproj", "{BE0C12C6-C612-61CD-A989-A889BCFC18A8}"
EndProject
Global
	GlobalSection(SolutionConfigurationPlatforms) = preSolution
		Debug|Any CPU = Debug|Any CPU
		Release|Any CPU = Release|Any CPU
	EndGlobalSection
	GlobalSection(ProjectConfigurationPlatforms) = postSolution
		{E15BA501-9A99-F865-BAC3-D690B8EA5272}.Debug|Any CPU.ActiveCfg = Debug|Any CPU
		{E15BA501-9A99-F865-BAC3-D690B8EA5272}.Debug|Any CPU.Build.0 = Debug|Any CPU
		{E15BA501-9A99-F865-BAC3-D690B8EA5272}.Release|Any CPU.ActiveCfg = Release|Any CPU
		{E15BA501-9A99-F865-BAC3-D690B8EA5272}.Release|Any CPU.Build.0 = Release|Any CPU
		{BE0C12C6-C612-61CD-A989-A889BCFC18A8}.Debug|Any CPU.ActiveCfg = Debug|Any CPU
		{BE0C12C6-C612-61CD-A989-A889BCFC18A8}.Debug|Any CPU.Build.0 = Debug|Any CPU
		{BE0C12C6-C612-61CD-A989-A889BCFC18A8}.Release|Any CPU.ActiveCfg = Release|Any CPU
		{BE0C12C6-C612-61CD-A989-A889BCFC18A8}.Release|Any CPU.Build.0 = Release|Any CPU
	EndGlobalSection
	GlobalSection(SolutionProperties) = preSolution
		HideSolutionNode = FALSE
	EndGlobalSection
EndGlobal
